
Microsoft Visual Studio Solution File, Format Version 12.00
# Visual Studio Version 17
VisualStudioVersion = 17.14.36429.23
MinimumVisualStudioVersion = 10.0.40219.1
Project("{FAE04EC0-301F-11D3-BF4B-00C04F79EFBC}") = "Klijent", "telemedicina2\Klijent.csproj", "{9986F1F6-175B-4DD1-B5FC-A5CE1521D83B}"
EndProject
Project("{FAE04EC0-301F-11D3-BF4B-00C04F79EFBC}") = "Klase", "Klase\Klase.csproj", "{3A7E9921-C58E-4046-8802-6ED134B97E80}"
EndProject
Project("{FAE04EC0-301F-11D3-BF4B-00C04F79EFBC}") = "Enumeracije", "Enumeracije\Enumeracije.csproj", "{4F06B2C7-4C87-4105-809A-06CAC2EAA4E9}"
EndProject
Project("{FAE04EC0-301F-11D3-BF4B-00C04F79EFBC}") = "Server", "Server\Server.csproj", "{1D294DAD-FCFE-451E-A084-132136E9514B}"
EndProject
Project("{FAE04EC0-301F-11D3-BF4B-00C04F79EFBC}") = "DijagnostickaJedinica", "DijagnostickaJedinica\DijagnostickaJedinica.csproj", "{7F6DD8EF-7583-4BF0-AB25-0A9D8B896379}"
EndProject
Project("{FAE04EC0-301F-11D3-BF4B-00C04F79EFBC}") = "TerapeutskaJedinica", "TerapeutskaJedinica\TerapeutskaJedinica.csproj", "{6A5BC9FC-6390-42CD-8524-08B0A70E319B}"
EndProject
Project("{FAE04EC0-301F-11D3-BF4B-00C04F79EFBC}") = "UrgentnaJedinica", "UrgentnaJedinica\UrgentnaJedinica.csproj", "{435C3CC7-A2CB-4AB0-9C22-8265ABB2C3DB}"
EndProject
Global
	GlobalSection(SolutionConfigurationPlatforms) = preSolution
		Debug|Any CPU = Debug|Any CPU
		Release|Any CPU = Release|Any CPU
	EndGlobalSection
	GlobalSection(ProjectConfigurationPlatforms) = postSolution
		{9986F1F6-175B-4DD1-B5FC-A5CE1521D83B}.Debug|Any CPU.ActiveCfg = Debug|Any CPU
		{9986F1F6-175B-4DD1-B5FC-A5CE1521D83B}.Debug|Any CPU.Build.0 = Debug|Any CPU
		{9986F1F6-175B-4DD1-B5FC-A5CE1521D83B}.Release|Any CPU.ActiveCfg = Release|Any CPU
		{9986F1F6-175B-4DD1-B5FC-A5CE1521D83B}.Release|Any CPU.Build.0 = Release|Any CPU
		{3A7E9921-C58E-4046-8802-6ED134B97E80}.Debug|Any CPU.ActiveCfg = Debug|Any CPU
		{3A7E9921-C58E-4046-8802-6ED134B97E80}.Debug|Any CPU.Build.0 = Debug|Any CPU
		{3A7E9921-C58E-4046-8802-6ED134B97E80}.Release|Any CPU.ActiveCfg = Release|Any CPU
		{3A7E9921-C58E-4046-8802-6ED134B97E80}.Release|Any CPU.Build.0 = Release|Any CPU
		{4F06B2C7-4C87-4105-809A-06CAC2EAA4E9}.Debug|Any CPU.ActiveCfg = Debug|Any CPU
		{4F06B2C7-4C87-4105-809A-06CAC2EAA4E9}.Debug|Any CPU.Build.0 = Debug|Any CPU
		{4F06B2C7-4C87-4105-809A-06CAC2EAA4E9}.Release|Any CPU.ActiveCfg = Release|Any CPU
		{4F06B2C7-4C87-4105-809A-06CAC2EAA4E9}.Release|Any CPU.Build.0 = Release|Any CPU
		{1D294DAD-FCFE-451E-A084-132136E9514B}.Debug|Any CPU.ActiveCfg = Debug|Any CPU
		{1D294DAD-FCFE-451E-A084-132136E9514B}.Debug|Any CPU.Build.0 = Debug|Any CPU
		{1D294DAD-FCFE-451E-A084-132136E9514B}.Release|Any CPU.ActiveCfg = Release|Any CPU
		{1D294DAD-FCFE-451E-A084-132136E9514B}.Release|Any CPU.Build.0 = Release|Any CPU
		{7F6DD8EF-7583-4BF0-AB25-0A9D8B896379}.Debug|Any CPU.ActiveCfg = Debug|Any CPU
		{7F6DD8EF-7583-4BF0-AB25-0A9D8B896379}.Debug|Any CPU.Build.0 = Debug|Any CPU
		{7F6DD8EF-7583-4BF0-AB25-0A9D8B896379}.Release|Any CPU.ActiveCfg = Release|Any CPU
		{7F6DD8EF-7583-4BF0-AB25-0A9D8B896379}.Release|Any CPU.Build.0 = Release|Any CPU
		{6A5BC9FC-6390-42CD-8524-08B0A70E319B}.Debug|Any CPU.ActiveCfg = Debug|Any CPU
		{6A5BC9FC-6390-42CD-8524-08B0A70E319B}.Debug|Any CPU.Build.0 = Debug|Any CPU
		{6A5BC9FC-6390-42CD-8524-08B0A70E319B}.Release|Any CPU.ActiveCfg = Release|Any CPU
		{6A5BC9FC-6390-42CD-8524-08B0A70E319B}.Release|Any CPU.Build.0 = Release|Any CPU
		{435C3CC7-A2CB-4AB0-9C22-8265ABB2C3DB}.Debug|Any CPU.ActiveCfg = Debug|Any CPU
		{435C3CC7-A2CB-4AB0-9C22-8265ABB2C3DB}.Debug|Any CPU.Build.0 = Debug|Any CPU
		{435C3CC7-A2CB-4AB0-9C22-8265ABB2C3DB}.Release|Any CPU.ActiveCfg = Release|Any CPU
		{435C3CC7-A2CB-4AB0-9C22-8265ABB2C3DB}.Release|Any CPU.Build.0 = Release|Any CPU
	EndGlobalSection
	GlobalSection(SolutionProperties) = preSolution
		HideSolutionNode = FALSE
	EndGlobalSection
	GlobalSection(ExtensibilityGlobals) = postSolution
		SolutionGuid = {9CEC867B-94C2-4F71-82BD-26B9C1E9665A}
	EndGlobalSection
EndGlobal
